// !$*UTF8*$!
{
	archiveVersion = 1;
	classes = {
	};
	objectVersion = 50;
	objects = {

/* Begin PBXBuildFile section */
		68D5A9DA25E36A0E00F7B7C9 /* TorchOfLocationApp.swift in Sources */ = {isa = PBXBuildFile; fileRef = 68D5A9D925E36A0E00F7B7C9 /* TorchOfLocationApp.swift */; };
		68D5A9DC25E36A0E00F7B7C9 /* MainView.swift in Sources */ = {isa = PBXBuildFile; fileRef = 68D5A9DB25E36A0E00F7B7C9 /* MainView.swift */; };
		68D5A9DE25E36A0F00F7B7C9 /* Assets.xcassets in Resources */ = {isa = PBXBuildFile; fileRef = 68D5A9DD25E36A0F00F7B7C9 /* Assets.xcassets */; };
		68D5A9E125E36A0F00F7B7C9 /* Preview Assets.xcassets in Resources */ = {isa = PBXBuildFile; fileRef = 68D5A9E025E36A0F00F7B7C9 /* Preview Assets.xcassets */; };
		68D5A9EA25E36A7400F7B7C9 /* LocationView.swift in Sources */ = {isa = PBXBuildFile; fileRef = 68D5A9E925E36A7400F7B7C9 /* LocationView.swift */; };
		68D5A9ED25E3728200F7B7C9 /* CoordinateModel.swift in Sources */ = {isa = PBXBuildFile; fileRef = 68D5A9EC25E3728200F7B7C9 /* CoordinateModel.swift */; };
		68D5A9FB25E385C200F7B7C9 /* LocationManager.swift in Sources */ = {isa = PBXBuildFile; fileRef = 68D5A9FA25E385C200F7B7C9 /* LocationManager.swift */; };
/* End PBXBuildFile section */

/* Begin PBXFileReference section */
		68D5A9D625E36A0E00F7B7C9 /* TorchOfLocation.app */ = {isa = PBXFileReference; explicitFileType = wrapper.application; includeInIndex = 0; path = TorchOfLocation.app; sourceTree = BUILT_PRODUCTS_DIR; };
		68D5A9D925E36A0E00F7B7C9 /* TorchOfLocationApp.swift */ = {isa = PBXFileReference; lastKnownFileType = sourcecode.swift; path = TorchOfLocationApp.swift; sourceTree = "<group>"; };
		68D5A9DB25E36A0E00F7B7C9 /* MainView.swift */ = {isa = PBXFileReference; lastKnownFileType = sourcecode.swift; path = MainView.swift; sourceTree = "<group>"; };
		68D5A9DD25E36A0F00F7B7C9 /* Assets.xcassets */ = {isa = PBXFileReference; lastKnownFileType = folder.assetcatalog; path = Assets.xcassets; sourceTree = "<group>"; };
		68D5A9E025E36A0F00F7B7C9 /* Preview Assets.xcassets */ = {isa = PBXFileReference; lastKnownFileType = folder.assetcatalog; path = "Preview Assets.xcassets"; sourceTree = "<group>"; };
		68D5A9E225E36A0F00F7B7C9 /* Info.plist */ = {isa = PBXFileReference; lastKnownFileType = text.plist.xml; path = Info.plist; sourceTree = "<group>"; };
		68D5A9E925E36A7400F7B7C9 /* LocationView.swift */ = {isa = PBXFileReference; lastKnownFileType = sourcecode.swift; path = LocationView.swift; sourceTree = "<group>"; };
		68D5A9EC25E3728200F7B7C9 /* CoordinateModel.swift */ = {isa = PBXFileReference; lastKnownFileType = sourcecode.swift; path = CoordinateModel.swift; sourceTree = "<group>"; };
		68D5A9FA25E385C200F7B7C9 /* LocationManager.swift */ = {isa = PBXFileReference; lastKnownFileType = sourcecode.swift; path = LocationManager.swift; sourceTree = "<group>"; };
/* End PBXFileReference section */

/* Begin PBXFrameworksBuildPhase section */
		68D5A9D325E36A0E00F7B7C9 /* Frameworks */ = {
			isa = PBXFrameworksBuildPhase;
			buildActionMask = 2147483647;
			files = (
			);
			runOnlyForDeploymentPostprocessing = 0;
		};
/* End PBXFrameworksBuildPhase section */

/* Begin PBXGroup section */
		68D5A9CD25E36A0E00F7B7C9 = {
			isa = PBXGroup;
			children = (
				68D5A9D825E36A0E00F7B7C9 /* TorchOfLocation */,
				68D5A9D725E36A0E00F7B7C9 /* Products */,
			);
			sourceTree = "<group>";
		};
		68D5A9D725E36A0E00F7B7C9 /* Products */ = {
			isa = PBXGroup;
			children = (
				68D5A9D625E36A0E00F7B7C9 /* TorchOfLocation.app */,
			);
			name = Products;
			sourceTree = "<group>";
		};
		68D5A9D825E36A0E00F7B7C9 /* TorchOfLocation */ = {
			isa = PBXGroup;
			children = (
				68D5A9D925E36A0E00F7B7C9 /* TorchOfLocationApp.swift */,
				68D5A9F125E372DF00F7B7C9 /* View */,
				68D5A9EF25E372D300F7B7C9 /* Model */,
				68D5A9F825E378DE00F7B7C9 /* Managers */,
				68D5A9DD25E36A0F00F7B7C9 /* Assets.xcassets */,
				68D5A9E225E36A0F00F7B7C9 /* Info.plist */,
				68D5A9DF25E36A0F00F7B7C9 /* Preview Content */,
			);
			path = TorchOfLocation;
			sourceTree = "<group>";
		};
		68D5A9DF25E36A0F00F7B7C9 /* Preview Content */ = {
			isa = PBXGroup;
			children = (
				68D5A9E025E36A0F00F7B7C9 /* Preview Assets.xcassets */,
			);
			path = "Preview Content";
			sourceTree = "<group>";
		};
		68D5A9EF25E372D300F7B7C9 /* Model */ = {
			isa = PBXGroup;
			children = (
				68D5A9EC25E3728200F7B7C9 /* CoordinateModel.swift */,
			);
			path = Model;
			sourceTree = "<group>";
		};
		68D5A9F125E372DF00F7B7C9 /* View */ = {
			isa = PBXGroup;
			children = (
				68D5A9DB25E36A0E00F7B7C9 /* MainView.swift */,
				68D5A9E925E36A7400F7B7C9 /* LocationView.swift */,
			);
			path = View;
			sourceTree = "<group>";
		};
		68D5A9F825E378DE00F7B7C9 /* Managers */ = {
			isa = PBXGroup;
			children = (
				68D5A9FA25E385C200F7B7C9 /* LocationManager.swift */,
			);
			path = Managers;
			sourceTree = "<group>";
		};
/* End PBXGroup section */

/* Begin PBXNativeTarget section */
		68D5A9D525E36A0E00F7B7C9 /* TorchOfLocation */ = {
			isa = PBXNativeTarget;
			buildConfigurationList = 68D5A9E525E36A0F00F7B7C9 /* Build configuration list for PBXNativeTarget "TorchOfLocation" */;
			buildPhases = (
				68D5A9D225E36A0E00F7B7C9 /* Sources */,
				68D5A9D325E36A0E00F7B7C9 /* Frameworks */,
				68D5A9D425E36A0E00F7B7C9 /* Resources */,
			);
			buildRules = (
			);
			dependencies = (
			);
			name = TorchOfLocation;
			productName = TorchOfLocation;
			productReference = 68D5A9D625E36A0E00F7B7C9 /* TorchOfLocation.app */;
			productType = "com.apple.product-type.application";
		};
/* End PBXNativeTarget section */

/* Begin PBXProject section */
		68D5A9CE25E36A0E00F7B7C9 /* Project object */ = {
			isa = PBXProject;
			attributes = {
				LastSwiftUpdateCheck = 1240;
				LastUpgradeCheck = 1240;
				TargetAttributes = {
					68D5A9D525E36A0E00F7B7C9 = {
						CreatedOnToolsVersion = 12.4;
					};
				};
			};
			buildConfigurationList = 68D5A9D125E36A0E00F7B7C9 /* Build configuration list for PBXProject "TorchOfLocation" */;
			compatibilityVersion = "Xcode 9.3";
			developmentRegion = en;
			hasScannedForEncodings = 0;
			knownRegions = (
				en,
				Base,
			);
			mainGroup = 68D5A9CD25E36A0E00F7B7C9;
			productRefGroup = 68D5A9D725E36A0E00F7B7C9 /* Products */;
			projectDirPath = "";
			projectRoot = "";
			targets = (
				68D5A9D525E36A0E00F7B7C9 /* TorchOfLocation */,
			);
		};
/* End PBXProject section */

/* Begin PBXResourcesBuildPhase section */
		68D5A9D425E36A0E00F7B7C9 /* Resources */ = {
			isa = PBXResourcesBuildPhase;
			buildActionMask = 2147483647;
			files = (
				68D5A9E125E36A0F00F7B7C9 /* Preview Assets.xcassets in Resources */,
				68D5A9DE25E36A0F00F7B7C9 /* Assets.xcassets in Resources */,
			);
			runOnlyForDeploymentPostprocessing = 0;
		};
/* End PBXResourcesBuildPhase section */

/* Begin PBXSourcesBuildPhase section */
		68D5A9D225E36A0E00F7B7C9 /* Sources */ = {
			isa = PBXSourcesBuildPhase;
			buildActionMask = 2147483647;
			files = (
				68D5A9DC25E36A0E00F7B7C9 /* MainView.swift in Sources */,
				68D5A9EA25E36A7400F7B7C9 /* LocationView.swift in Sources */,
				68D5A9FB25E385C200F7B7C9 /* LocationManager.swift in Sources */,
				68D5A9DA25E36A0E00F7B7C9 /* TorchOfLocationApp.swift in Sources */,
				68D5A9ED25E3728200F7B7C9 /* CoordinateModel.swift in Sources */,
			);
			runOnlyForDeploymentPostprocessing = 0;
		};
/* End PBXSourcesBuildPhase section */

/* Begin XCBuildConfiguration section */
		68D5A9E325E36A0F00F7B7C9 /* Debug */ = {
			isa = XCBuildConfiguration;
			buildSettings = {
				ALWAYS_SEARCH_USER_PATHS = NO;
				CLANG_ANALYZER_NONNULL = YES;
				CLANG_ANALYZER_NUMBER_OBJECT_CONVERSION = YES_AGGRESSIVE;
				CLANG_CXX_LANGUAGE_STANDARD = "gnu++14";
				CLANG_CXX_LIBRARY = "libc++";
				CLANG_ENABLE_MODULES = YES;
				CLANG_ENABLE_OBJC_ARC = YES;
				CLANG_ENABLE_OBJC_WEAK = YES;
				CLANG_WARN_BLOCK_CAPTURE_AUTORELEASING = YES;
				CLANG_WARN_BOOL_CONVERSION = YES;
				CLANG_WARN_COMMA = YES;
				CLANG_WARN_CONSTANT_CONVERSION = YES;
				CLANG_WARN_DEPRECATED_OBJC_IMPLEMENTATIONS = YES;
				CLANG_WARN_DIRECT_OBJC_ISA_USAGE = YES_ERROR;
				CLANG_WARN_DOCUMENTATION_COMMENTS = YES;
				CLANG_WARN_EMPTY_BODY = YES;
				CLANG_WARN_ENUM_CONVERSION = YES;
				CLANG_WARN_INFINITE_RECURSION = YES;
				CLANG_WARN_INT_CONVERSION = YES;
				CLANG_WARN_NON_LITERAL_NULL_CONVERSION = YES;
				CLANG_WARN_OBJC_IMPLICIT_RETAIN_SELF = YES;
				CLANG_WARN_OBJC_LITERAL_CONVERSION = YES;
				CLANG_WARN_OBJC_ROOT_CLASS = YES_ERROR;
				CLANG_WARN_QUOTED_INCLUDE_IN_FRAMEWORK_HEADER = YES;
				CLANG_WARN_RANGE_LOOP_ANALYSIS = YES;
				CLANG_WARN_STRICT_PROTOTYPES = YES;
				CLANG_WARN_SUSPICIOUS_MOVE = YES;
				CLANG_WARN_UNGUARDED_AVAILABILITY = YES_AGGRESSIVE;
				CLANG_WARN_UNREACHABLE_CODE = YES;
				CLANG_WARN__DUPLICATE_METHOD_MATCH = YES;
				COPY_PHASE_STRIP = NO;
				DEBUG_INFORMATION_FORMAT = dwarf;
				ENABLE_STRICT_OBJC_MSGSEND = YES;
				ENABLE_TESTABILITY = YES;
				GCC_C_LANGUAGE_STANDARD = gnu11;
				GCC_DYNAMIC_NO_PIC = NO;
				GCC_NO_COMMON_BLOCKS = YES;
				GCC_OPTIMIZATION_LEVEL = 0;
				GCC_PREPROCESSOR_DEFINITIONS = (
					"DEBUG=1",
					"$(inherited)",
				);
				GCC_WARN_64_TO_32_BIT_CONVERSION = YES;
				GCC_WARN_ABOUT_RETURN_TYPE = YES_ERROR;
				GCC_WARN_UNDECLARED_SELECTOR = YES;
				GCC_WARN_UNINITIALIZED_AUTOS = YES_AGGRESSIVE;
				GCC_WARN_UNUSED_FUNCTION = YES;
				GCC_WARN_UNUSED_VARIABLE = YES;
				IPHONEOS_DEPLOYMENT_TARGET = 14.4;
				MTL_ENABLE_DEBUG_INFO = INCLUDE_SOURCE;
				MTL_FAST_MATH = YES;
				ONLY_ACTIVE_ARCH = YES;
				SDKROOT = iphoneos;
				SWIFT_ACTIVE_COMPILATION_CONDITIONS = DEBUG;
				SWIFT_OPTIMIZATION_LEVEL = "-Onone";
			};
			name = Debug;
		};
		68D5A9E425E36A0F00F7B7C9 /* Release */ = {
			isa = XCBuildConfiguration;
			buildSettings = {
				ALWAYS_SEARCH_USER_PATHS = NO;
				CLANG_ANALYZER_NONNULL = YES;
				CLANG_ANALYZER_NUMBER_OBJECT_CONVERSION = YES_AGGRESSIVE;
				CLANG_CXX_LANGUAGE_STANDARD = "gnu++14";
				CLANG_CXX_LIBRARY = "libc++";
				CLANG_ENABLE_MODULES = YES;
				CLANG_ENABLE_OBJC_ARC = YES;
				CLANG_ENABLE_OBJC_WEAK = YES;
				CLANG_WARN_BLOCK_CAPTURE_AUTORELEASING = YES;
				CLANG_WARN_BOOL_CONVERSION = YES;
				CLANG_WARN_COMMA = YES;
				CLANG_WARN_CONSTANT_CONVERSION = YES;
				CLANG_WARN_DEPRECATED_OBJC_IMPLEMENTATIONS = YES;
				CLANG_WARN_DIRECT_OBJC_ISA_USAGE = YES_ERROR;
				CLANG_WARN_DOCUMENTATION_COMMENTS = YES;
				CLANG_WARN_EMPTY_BODY = YES;
				CLANG_WARN_ENUM_CONVERSION = YES;
				CLANG_WARN_INFINITE_RECURSION = YES;
				CLANG_WARN_INT_CONVERSION = YES;
				CLANG_WARN_NON_LITERAL_NULL_CONVERSION = YES;
				CLANG_WARN_OBJC_IMPLICIT_RETAIN_SELF = YES;
				CLANG_WARN_OBJC_LITERAL_CONVERSION = YES;
				CLANG_WARN_OBJC_ROOT_CLASS = YES_ERROR;
				CLANG_WARN_QUOTED_INCLUDE_IN_FRAMEWORK_HEADER = YES;
				CLANG_WARN_RANGE_LOOP_ANALYSIS = YES;
				CLANG_WARN_STRICT_PROTOTYPES = YES;
				CLANG_WARN_SUSPICIOUS_MOVE = YES;
				CLANG_WARN_UNGUARDED_AVAILABILITY = YES_AGGRESSIVE;
				CLANG_WARN_UNREACHABLE_CODE = YES;
				CLANG_WARN__DUPLICATE_METHOD_MATCH = YES;
				COPY_PHASE_STRIP = NO;
				DEBUG_INFORMATION_FORMAT = "dwarf-with-dsym";
				ENABLE_NS_ASSERTIONS = NO;
				ENABLE_STRICT_OBJC_MSGSEND = YES;
				GCC_C_LANGUAGE_STANDARD = gnu11;
				GCC_NO_COMMON_BLOCKS = YES;
				GCC_WARN_64_TO_32_BIT_CONVERSION = YES;
				GCC_WARN_ABOUT_RETURN_TYPE = YES_ERROR;
				GCC_WARN_UNDECLARED_SELECTOR = YES;
				GCC_WARN_UNINITIALIZED_AUTOS = YES_AGGRESSIVE;
				GCC_WARN_UNUSED_FUNCTION = YES;
				GCC_WARN_UNUSED_VARIABLE = YES;
				IPHONEOS_DEPLOYMENT_TARGET = 14.4;
				MTL_ENABLE_DEBUG_INFO = NO;
				MTL_FAST_MATH = YES;
				SDKROOT = iphoneos;
				SWIFT_COMPILATION_MODE = wholemodule;
				SWIFT_OPTIMIZATION_LEVEL = "-O";
				VALIDATE_PRODUCT = YES;
			};
			name = Release;
		};
		68D5A9E625E36A0F00F7B7C9 /* Debug */ = {
			isa = XCBuildConfiguration;
			buildSettings = {
				ASSETCATALOG_COMPILER_APPICON_NAME = AppIcon;
				ASSETCATALOG_COMPILER_GLOBAL_ACCENT_COLOR_NAME = AccentColor;
				CODE_SIGN_STYLE = Automatic;
				DEVELOPMENT_ASSET_PATHS = "\"TorchOfLocation/Preview Content\"";
				DEVELOPMENT_TEAM = 7C46924T49;
				ENABLE_PREVIEWS = YES;
				INFOPLIST_FILE = TorchOfLocation/Info.plist;
				IPHONEOS_DEPLOYMENT_TARGET = 14.0;
				LD_RUNPATH_SEARCH_PATHS = (
					"$(inherited)",
					"@executable_path/Frameworks",
				);
				PRODUCT_BUNDLE_IDENTIFIER = VSA.TorchOfLocation;
				PRODUCT_NAME = "$(TARGET_NAME)";
				SWIFT_VERSION = 5.0;
				TARGETED_DEVICE_FAMILY = "1,2";
			};
			name = Debug;
		};
		68D5A9E725E36A0F00F7B7C9 /* Release */ = {
			isa = XCBuildConfiguration;
			buildSettings = {
				ASSETCATALOG_COMPILER_APPICON_NAME = AppIcon;
				ASSETCATALOG_COMPILER_GLOBAL_ACCENT_COLOR_NAME = AccentColor;
				CODE_SIGN_STYLE = Automatic;
				DEVELOPMENT_ASSET_PATHS = "\"TorchOfLocation/Preview Content\"";
				DEVELOPMENT_TEAM = 7C46924T49;
				ENABLE_PREVIEWS = YES;
				INFOPLIST_FILE = TorchOfLocation/Info.plist;
				IPHONEOS_DEPLOYMENT_TARGET = 14.0;
				LD_RUNPATH_SEARCH_PATHS = (
					"$(inherited)",
					"@executable_path/Frameworks",
				);
				PRODUCT_BUNDLE_IDENTIFIER = VSA.TorchOfLocation;
				PRODUCT_NAME = "$(TARGET_NAME)";
				SWIFT_VERSION = 5.0;
				TARGETED_DEVICE_FAMILY = "1,2";
			};
			name = Release;
		};
/* End XCBuildConfiguration section */

/* Begin XCConfigurationList section */
		68D5A9D125E36A0E00F7B7C9 /* Build configuration list for PBXProject "TorchOfLocation" */ = {
			isa = XCConfigurationList;
			buildConfigurations = (
				68D5A9E325E36A0F00F7B7C9 /* Debug */,
				68D5A9E425E36A0F00F7B7C9 /* Release */,
			);
			defaultConfigurationIsVisible = 0;
			defaultConfigurationName = Release;
		};
		68D5A9E525E36A0F00F7B7C9 /* Build configuration list for PBXNativeTarget "TorchOfLocation" */ = {
			isa = XCConfigurationList;
			buildConfigurations = (
				68D5A9E625E36A0F00F7B7C9 /* Debug */,
				68D5A9E725E36A0F00F7B7C9 /* Release */,
			);
			defaultConfigurationIsVisible = 0;
			defaultConfigurationName = Release;
		};
/* End XCConfigurationList section */
	};
	rootObject = 68D5A9CE25E36A0E00F7B7C9 /* Project object */;
}
